
Microsoft Visual Studio Solution File, Format Version 12.00
# Visual Studio Version 17
VisualStudioVersion = 17.11.35312.102
MinimumVisualStudioVersion = 10.0.40219.1
Project("{8BC9CEB8-8B4A-11D0-8D11-00A0C91BC942}") = "Day1-Advent Code", "Day1-Advent Code\Day1-Advent Code.vcxproj", "{8D7426CC-488F-4CC6-B98A-22350B6A4357}"
EndProject
Project("{8BC9CEB8-8B4A-11D0-8D11-00A0C91BC942}") = "Day 1-Advent Code.2", "Day 1-Advent Code.2\Day 1-Advent Code.2.vcxproj", "{631FB210-584D-43D2-860A-FDF7BFCBF448}"
EndProject
Global
	GlobalSection(SolutionConfigurationPlatforms) = preSolution
		Debug|x64 = Debug|x64
		Debug|x86 = Debug|x86
		Release|x64 = Release|x64
		Release|x86 = Release|x86
	EndGlobalSection
	GlobalSection(ProjectConfigurationPlatforms) = postSolution
		{8D7426CC-488F-4CC6-B98A-22350B6A4357}.Debug|x64.ActiveCfg = Debug|x64
		{8D7426CC-488F-4CC6-B98A-22350B6A4357}.Debug|x64.Build.0 = Debug|x64
		{8D7426CC-488F-4CC6-B98A-22350B6A4357}.Debug|x86.ActiveCfg = Debug|Win32
		{8D7426CC-488F-4CC6-B98A-22350B6A4357}.Debug|x86.Build.0 = Debug|Win32
		{8D7426CC-488F-4CC6-B98A-22350B6A4357}.Release|x64.ActiveCfg = Release|x64
		{8D7426CC-488F-4CC6-B98A-22350B6A4357}.Release|x64.Build.0 = Release|x64
		{8D7426CC-488F-4CC6-B98A-22350B6A4357}.Release|x86.ActiveCfg = Release|Win32
		{8D7426CC-488F-4CC6-B98A-22350B6A4357}.Release|x86.Build.0 = Release|Win32
		{631FB210-584D-43D2-860A-FDF7BFCBF448}.Debug|x64.ActiveCfg = Debug|x64
		{631FB210-584D-43D2-860A-FDF7BFCBF448}.Debug|x64.Build.0 = Debug|x64
		{631FB210-584D-43D2-860A-FDF7BFCBF448}.Debug|x86.ActiveCfg = Debug|Win32
		{631FB210-584D-43D2-860A-FDF7BFCBF448}.Debug|x86.Build.0 = Debug|Win32
		{631FB210-584D-43D2-860A-FDF7BFCBF448}.Release|x64.ActiveCfg = Release|x64
		{631FB210-584D-43D2-860A-FDF7BFCBF448}.Release|x64.Build.0 = Release|x64
		{631FB210-584D-43D2-860A-FDF7BFCBF448}.Release|x86.ActiveCfg = Release|Win32
		{631FB210-584D-43D2-860A-FDF7BFCBF448}.Release|x86.Build.0 = Release|Win32
	EndGlobalSection
	GlobalSection(SolutionProperties) = preSolution
		HideSolutionNode = FALSE
	EndGlobalSection
	GlobalSection(ExtensibilityGlobals) = postSolution
		SolutionGuid = {63D64EBD-163F-4BBB-9DAB-7172AA98E7A3}
	EndGlobalSection
EndGlobal
